
Microsoft Visual Studio Solution File, Format Version 12.00
# Visual Studio Version 17
VisualStudioVersion = 17.3.32929.385
MinimumVisualStudioVersion = 10.0.40219.1
Project("{FAE04EC0-301F-11D3-BF4B-00C04F79EFBC}") = "ChuChat", "ChuChat\ChuChat.csproj", "{96CDCE88-0D26-49F8-96CA-C93B80E02326}"
EndProject
Global
	GlobalSection(SolutionConfigurationPlatforms) = preSolution
		Debug|Any CPU = Debug|Any CPU
		Release|Any CPU = Release|Any CPU
	EndGlobalSection
	GlobalSection(ProjectConfigurationPlatforms) = postSolution
		{96CDCE88-0D26-49F8-96CA-C93B80E02326}.Debug|Any CPU.ActiveCfg = Debug|Any CPU
		{96CDCE88-0D26-49F8-96CA-C93B80E02326}.Debug|Any CPU.Build.0 = Debug|Any CPU
		{96CDCE88-0D26-49F8-96CA-C93B80E02326}.Release|Any CPU.ActiveCfg = Release|Any CPU
		{96CDCE88-0D26-49F8-96CA-C93B80E02326}.Release|Any CPU.Build.0 = Release|Any CPU
	EndGlobalSection
	GlobalSection(SolutionProperties) = preSolution
		HideSolutionNode = FALSE
	EndGlobalSection
	GlobalSection(ExtensibilityGlobals) = postSolution
		SolutionGuid = {138EF86F-8D99-47F0-8EFF-F452D4B9A646}
	EndGlobalSection
EndGlobal
